// !$*UTF8*$!
{
	archiveVersion = 1;
	classes = {
	};
	objectVersion = 46;
	objects = {

/* Begin PBXBuildFile section */
		A608CB821E7C48FE00FBE1FE /* ThreadSafeArrayTest.swift in Sources */ = {isa = PBXBuildFile; fileRef = A608CB811E7C48FE00FBE1FE /* ThreadSafeArrayTest.swift */; };
		A608CB911E7C4AEB00FBE1FE /* CSVReaderTest.swift in Sources */ = {isa = PBXBuildFile; fileRef = A608CB901E7C4AEB00FBE1FE /* CSVReaderTest.swift */; };
		A608CB941E7C4C1400FBE1FE /* mock.csv in Resources */ = {isa = PBXBuildFile; fileRef = A608CB931E7C4C1400FBE1FE /* mock.csv */; };
		A608CB961E7C4EDE00FBE1FE /* mock.csv in Resources */ = {isa = PBXBuildFile; fileRef = A608CB931E7C4C1400FBE1FE /* mock.csv */; };
		A608CB991E7C4F7800FBE1FE /* MatrixTest.swift in Sources */ = {isa = PBXBuildFile; fileRef = A608CB981E7C4F7800FBE1FE /* MatrixTest.swift */; };
		A608CB9B1E7C528800FBE1FE /* MatrixReferenceTest.swift in Sources */ = {isa = PBXBuildFile; fileRef = A608CB9A1E7C528800FBE1FE /* MatrixReferenceTest.swift */; };
		A608CB9E1E7C59B000FBE1FE /* RandomForestTest.swift in Sources */ = {isa = PBXBuildFile; fileRef = A608CB9D1E7C59B000FBE1FE /* RandomForestTest.swift */; };
		A64A703A1EE1A9C200169A73 /* RandomForestPerformanceTest.swift in Sources */ = {isa = PBXBuildFile; fileRef = A64A70391EE1A9C200169A73 /* RandomForestPerformanceTest.swift */; };
		A67D3C291E6DA988007B2E65 /* AppDelegate.swift in Sources */ = {isa = PBXBuildFile; fileRef = A67D3C281E6DA988007B2E65 /* AppDelegate.swift */; };
		A67D3C2E1E6DA988007B2E65 /* Main.storyboard in Resources */ = {isa = PBXBuildFile; fileRef = A67D3C2C1E6DA988007B2E65 /* Main.storyboard */; };
		A67D3C301E6DA988007B2E65 /* Assets.xcassets in Resources */ = {isa = PBXBuildFile; fileRef = A67D3C2F1E6DA988007B2E65 /* Assets.xcassets */; };
		A67D3C331E6DA988007B2E65 /* LaunchScreen.storyboard in Resources */ = {isa = PBXBuildFile; fileRef = A67D3C311E6DA988007B2E65 /* LaunchScreen.storyboard */; };
		A6A5C3B61F4472A400549415 /* VisualizeViewController.swift in Sources */ = {isa = PBXBuildFile; fileRef = A6A5C3B51F4472A400549415 /* VisualizeViewController.swift */; };
		A6A5C3B81F4472BE00549415 /* MainViewController.swift in Sources */ = {isa = PBXBuildFile; fileRef = A6A5C3B71F4472BE00549415 /* MainViewController.swift */; };
		A6A5C3BD1F447D2500549415 /* ClassifierAlgorithm.swift in Sources */ = {isa = PBXBuildFile; fileRef = A6A5C3BC1F447D2500549415 /* ClassifierAlgorithm.swift */; };
		A6A5C3BF1F447DE900549415 /* Metrics.swift in Sources */ = {isa = PBXBuildFile; fileRef = A6A5C3BE1F447DE900549415 /* Metrics.swift */; };
		A6A5C3C21F447FB100549415 /* CrossValidation.swift in Sources */ = {isa = PBXBuildFile; fileRef = A6A5C3C01F447FB100549415 /* CrossValidation.swift */; };
		A6A5C3C31F447FB100549415 /* RandomForest.swift in Sources */ = {isa = PBXBuildFile; fileRef = A6A5C3C11F447FB100549415 /* RandomForest.swift */; };
		A6A5C3C51F447FF400549415 /* Algorithms.swift in Sources */ = {isa = PBXBuildFile; fileRef = A6A5C3C41F447FF400549415 /* Algorithms.swift */; };
		A6A5C3CA1F44802300549415 /* Matrix.swift in Sources */ = {isa = PBXBuildFile; fileRef = A6A5C3C61F44802300549415 /* Matrix.swift */; };
		A6A5C3CB1F44802300549415 /* MatrixReference.swift in Sources */ = {isa = PBXBuildFile; fileRef = A6A5C3C71F44802300549415 /* MatrixReference.swift */; };
		A6A5C3CC1F44802300549415 /* Numerics.swift in Sources */ = {isa = PBXBuildFile; fileRef = A6A5C3C81F44802300549415 /* Numerics.swift */; };
		A6A5C3CD1F44802300549415 /* TreeNode.swift in Sources */ = {isa = PBXBuildFile; fileRef = A6A5C3C91F44802300549415 /* TreeNode.swift */; };
		A6A5C3CF1F44804200549415 /* CSVReader.swift in Sources */ = {isa = PBXBuildFile; fileRef = A6A5C3CE1F44804200549415 /* CSVReader.swift */; };
		A6A5C3D21F4480A900549415 /* OperationQueueManager.swift in Sources */ = {isa = PBXBuildFile; fileRef = A6A5C3D01F4480A900549415 /* OperationQueueManager.swift */; };
		A6A5C3D31F4480A900549415 /* ThreadSafeArray.swift in Sources */ = {isa = PBXBuildFile; fileRef = A6A5C3D11F4480A900549415 /* ThreadSafeArray.swift */; };
		A6A5C3D51F4480D600549415 /* database.csv in Resources */ = {isa = PBXBuildFile; fileRef = A6A5C3D41F4480D600549415 /* database.csv */; };
		A6A5C3DB1F44931F00549415 /* RandomColor.swift in Sources */ = {isa = PBXBuildFile; fileRef = A6A5C3DA1F44931F00549415 /* RandomColor.swift */; };
/* End PBXBuildFile section */

/* Begin PBXContainerItemProxy section */
		A608CB7C1E7C48AF00FBE1FE /* PBXContainerItemProxy */ = {
			isa = PBXContainerItemProxy;
			containerPortal = A67D3C1D1E6DA988007B2E65 /* Project object */;
			proxyType = 1;
			remoteGlobalIDString = A67D3C241E6DA988007B2E65;
			remoteInfo = SwiftRandomForest;
		};
/* End PBXContainerItemProxy section */

/* Begin PBXFileReference section */
		A608CB771E7C48AF00FBE1FE /* SwiftRandomForestTests.xctest */ = {isa = PBXFileReference; explicitFileType = wrapper.cfbundle; includeInIndex = 0; path = SwiftRandomForestTests.xctest; sourceTree = BUILT_PRODUCTS_DIR; };
		A608CB7B1E7C48AF00FBE1FE /* Info.plist */ = {isa = PBXFileReference; lastKnownFileType = text.plist.xml; path = Info.plist; sourceTree = "<group>"; };
		A608CB811E7C48FE00FBE1FE /* ThreadSafeArrayTest.swift */ = {isa = PBXFileReference; fileEncoding = 4; lastKnownFileType = sourcecode.swift; path = ThreadSafeArrayTest.swift; sourceTree = "<group>"; };
		A608CB901E7C4AEB00FBE1FE /* CSVReaderTest.swift */ = {isa = PBXFileReference; fileEncoding = 4; lastKnownFileType = sourcecode.swift; path = CSVReaderTest.swift; sourceTree = "<group>"; };
		A608CB931E7C4C1400FBE1FE /* mock.csv */ = {isa = PBXFileReference; fileEncoding = 4; lastKnownFileType = text; path = mock.csv; sourceTree = "<group>"; };
		A608CB981E7C4F7800FBE1FE /* MatrixTest.swift */ = {isa = PBXFileReference; fileEncoding = 4; lastKnownFileType = sourcecode.swift; path = MatrixTest.swift; sourceTree = "<group>"; };
		A608CB9A1E7C528800FBE1FE /* MatrixReferenceTest.swift */ = {isa = PBXFileReference; fileEncoding = 4; lastKnownFileType = sourcecode.swift; path = MatrixReferenceTest.swift; sourceTree = "<group>"; };
		A608CB9D1E7C59B000FBE1FE /* RandomForestTest.swift */ = {isa = PBXFileReference; fileEncoding = 4; lastKnownFileType = sourcecode.swift; path = RandomForestTest.swift; sourceTree = "<group>"; };
		A64A70391EE1A9C200169A73 /* RandomForestPerformanceTest.swift */ = {isa = PBXFileReference; fileEncoding = 4; lastKnownFileType = sourcecode.swift; path = RandomForestPerformanceTest.swift; sourceTree = "<group>"; };
		A67D3C251E6DA988007B2E65 /* SwiftRandomForest.app */ = {isa = PBXFileReference; explicitFileType = wrapper.application; includeInIndex = 0; path = SwiftRandomForest.app; sourceTree = BUILT_PRODUCTS_DIR; };
		A67D3C281E6DA988007B2E65 /* AppDelegate.swift */ = {isa = PBXFileReference; lastKnownFileType = sourcecode.swift; path = AppDelegate.swift; sourceTree = "<group>"; };
		A67D3C2D1E6DA988007B2E65 /* Base */ = {isa = PBXFileReference; lastKnownFileType = file.storyboard; name = Base; path = Base.lproj/Main.storyboard; sourceTree = "<group>"; };
		A67D3C2F1E6DA988007B2E65 /* Assets.xcassets */ = {isa = PBXFileReference; lastKnownFileType = folder.assetcatalog; path = Assets.xcassets; sourceTree = "<group>"; };
		A67D3C321E6DA988007B2E65 /* Base */ = {isa = PBXFileReference; lastKnownFileType = file.storyboard; name = Base; path = Base.lproj/LaunchScreen.storyboard; sourceTree = "<group>"; };
		A67D3C341E6DA988007B2E65 /* Info.plist */ = {isa = PBXFileReference; lastKnownFileType = text.plist.xml; path = Info.plist; sourceTree = "<group>"; };
		A6A5C3B51F4472A400549415 /* VisualizeViewController.swift */ = {isa = PBXFileReference; fileEncoding = 4; lastKnownFileType = sourcecode.swift; name = VisualizeViewController.swift; path = Views/VisualizeViewController.swift; sourceTree = "<group>"; };
		A6A5C3B71F4472BE00549415 /* MainViewController.swift */ = {isa = PBXFileReference; fileEncoding = 4; lastKnownFileType = sourcecode.swift; name = MainViewController.swift; path = Views/MainViewController.swift; sourceTree = "<group>"; };
		A6A5C3BC1F447D2500549415 /* ClassifierAlgorithm.swift */ = {isa = PBXFileReference; fileEncoding = 4; lastKnownFileType = sourcecode.swift; name = ClassifierAlgorithm.swift; path = Algorithms/ClassifierAlgorithm.swift; sourceTree = "<group>"; };
		A6A5C3BE1F447DE900549415 /* Metrics.swift */ = {isa = PBXFileReference; fileEncoding = 4; lastKnownFileType = sourcecode.swift; name = Metrics.swift; path = Algorithms/Metrics.swift; sourceTree = "<group>"; };
		A6A5C3C01F447FB100549415 /* CrossValidation.swift */ = {isa = PBXFileReference; fileEncoding = 4; lastKnownFileType = sourcecode.swift; name = CrossValidation.swift; path = Algorithms/CrossValidation.swift; sourceTree = "<group>"; };
		A6A5C3C11F447FB100549415 /* RandomForest.swift */ = {isa = PBXFileReference; fileEncoding = 4; lastKnownFileType = sourcecode.swift; name = RandomForest.swift; path = Algorithms/RandomForest.swift; sourceTree = "<group>"; };
		A6A5C3C41F447FF400549415 /* Algorithms.swift */ = {isa = PBXFileReference; fileEncoding = 4; lastKnownFileType = sourcecode.swift; name = Algorithms.swift; path = Algorithms/Algorithms.swift; sourceTree = "<group>"; };
		A6A5C3C61F44802300549415 /* Matrix.swift */ = {isa = PBXFileReference; fileEncoding = 4; lastKnownFileType = sourcecode.swift; name = Matrix.swift; path = DataStructures/Matrix.swift; sourceTree = "<group>"; };
		A6A5C3C71F44802300549415 /* MatrixReference.swift */ = {isa = PBXFileReference; fileEncoding = 4; lastKnownFileType = sourcecode.swift; name = MatrixReference.swift; path = DataStructures/MatrixReference.swift; sourceTree = "<group>"; };
		A6A5C3C81F44802300549415 /* Numerics.swift */ = {isa = PBXFileReference; fileEncoding = 4; lastKnownFileType = sourcecode.swift; name = Numerics.swift; path = DataStructures/Numerics.swift; sourceTree = "<group>"; };
		A6A5C3C91F44802300549415 /* TreeNode.swift */ = {isa = PBXFileReference; fileEncoding = 4; lastKnownFileType = sourcecode.swift; name = TreeNode.swift; path = DataStructures/TreeNode.swift; sourceTree = "<group>"; };
		A6A5C3CE1F44804200549415 /* CSVReader.swift */ = {isa = PBXFileReference; fileEncoding = 4; lastKnownFileType = sourcecode.swift; name = CSVReader.swift; path = Readers/CSVReader.swift; sourceTree = "<group>"; };
		A6A5C3D01F4480A900549415 /* OperationQueueManager.swift */ = {isa = PBXFileReference; fileEncoding = 4; lastKnownFileType = sourcecode.swift; name = OperationQueueManager.swift; path = Concurrency/OperationQueueManager.swift; sourceTree = "<group>"; };
		A6A5C3D11F4480A900549415 /* ThreadSafeArray.swift */ = {isa = PBXFileReference; fileEncoding = 4; lastKnownFileType = sourcecode.swift; name = ThreadSafeArray.swift; path = Concurrency/ThreadSafeArray.swift; sourceTree = "<group>"; };
		A6A5C3D41F4480D600549415 /* database.csv */ = {isa = PBXFileReference; fileEncoding = 4; lastKnownFileType = text; path = database.csv; sourceTree = "<group>"; };
		A6A5C3DA1F44931F00549415 /* RandomColor.swift */ = {isa = PBXFileReference; fileEncoding = 4; lastKnownFileType = sourcecode.swift; path = RandomColor.swift; sourceTree = "<group>"; };
/* End PBXFileReference section */

/* Begin PBXFrameworksBuildPhase section */
		A608CB741E7C48AF00FBE1FE /* Frameworks */ = {
			isa = PBXFrameworksBuildPhase;
			buildActionMask = 2147483647;
			files = (
			);
			runOnlyForDeploymentPostprocessing = 0;
		};
		A67D3C221E6DA988007B2E65 /* Frameworks */ = {
			isa = PBXFrameworksBuildPhase;
			buildActionMask = 2147483647;
			files = (
			);
			runOnlyForDeploymentPostprocessing = 0;
		};
/* End PBXFrameworksBuildPhase section */

/* Begin PBXGroup section */
		A608CB6C1E7987F300FBE1FE /* Concurrency */ = {
			isa = PBXGroup;
			children = (
				A6A5C3D01F4480A900549415 /* OperationQueueManager.swift */,
				A6A5C3D11F4480A900549415 /* ThreadSafeArray.swift */,
			);
			name = Concurrency;
			sourceTree = "<group>";
		};
		A608CB781E7C48AF00FBE1FE /* SwiftRandomForestTests */ = {
			isa = PBXGroup;
			children = (
				A608CB9C1E7C598B00FBE1FE /* Algorithms */,
				A608CB971E7C4F4D00FBE1FE /* Data Structures */,
				A608CB921E7C4C0B00FBE1FE /* Mocks */,
				A608CB8F1E7C4AD800FBE1FE /* Readers */,
				A608CB8E1E7C4ACA00FBE1FE /* Concurrency */,
				A608CB7B1E7C48AF00FBE1FE /* Info.plist */,
			);
			path = SwiftRandomForestTests;
			sourceTree = "<group>";
		};
		A608CB8E1E7C4ACA00FBE1FE /* Concurrency */ = {
			isa = PBXGroup;
			children = (
				A608CB811E7C48FE00FBE1FE /* ThreadSafeArrayTest.swift */,
			);
			name = Concurrency;
			sourceTree = "<group>";
		};
		A608CB8F1E7C4AD800FBE1FE /* Readers */ = {
			isa = PBXGroup;
			children = (
				A608CB901E7C4AEB00FBE1FE /* CSVReaderTest.swift */,
			);
			name = Readers;
			sourceTree = "<group>";
		};
		A608CB921E7C4C0B00FBE1FE /* Mocks */ = {
			isa = PBXGroup;
			children = (
				A608CB931E7C4C1400FBE1FE /* mock.csv */,
			);
			name = Mocks;
			sourceTree = "<group>";
		};
		A608CB971E7C4F4D00FBE1FE /* Data Structures */ = {
			isa = PBXGroup;
			children = (
				A608CB981E7C4F7800FBE1FE /* MatrixTest.swift */,
				A608CB9A1E7C528800FBE1FE /* MatrixReferenceTest.swift */,
			);
			name = "Data Structures";
			sourceTree = "<group>";
		};
		A608CB9C1E7C598B00FBE1FE /* Algorithms */ = {
			isa = PBXGroup;
			children = (
				A608CB9D1E7C59B000FBE1FE /* RandomForestTest.swift */,
				A64A70391EE1A9C200169A73 /* RandomForestPerformanceTest.swift */,
			);
			name = Algorithms;
			sourceTree = "<group>";
		};
		A67D3C1C1E6DA988007B2E65 = {
			isa = PBXGroup;
			children = (
				A67D3C271E6DA988007B2E65 /* SwiftRandomForest */,
				A608CB781E7C48AF00FBE1FE /* SwiftRandomForestTests */,
				A67D3C261E6DA988007B2E65 /* Products */,
			);
			sourceTree = "<group>";
		};
		A67D3C261E6DA988007B2E65 /* Products */ = {
			isa = PBXGroup;
			children = (
				A67D3C251E6DA988007B2E65 /* SwiftRandomForest.app */,
				A608CB771E7C48AF00FBE1FE /* SwiftRandomForestTests.xctest */,
			);
			name = Products;
			sourceTree = "<group>";
		};
		A67D3C271E6DA988007B2E65 /* SwiftRandomForest */ = {
			isa = PBXGroup;
			children = (
				A6A5C3B41F446EB700549415 /* Supporting Files */,
				A6A5C3B31F446EA900549415 /* Views */,
				A608CB6C1E7987F300FBE1FE /* Concurrency */,
				A67D3C551E7081D1007B2E65 /* Datasets */,
				A67D3C521E707F64007B2E65 /* Readers */,
				A67D3C511E707BFF007B2E65 /* Algorithms */,
				A67D3C501E707BEF007B2E65 /* Data Structures */,
			);
			path = SwiftRandomForest;
			sourceTree = "<group>";
		};
		A67D3C501E707BEF007B2E65 /* Data Structures */ = {
			isa = PBXGroup;
			children = (
				A6A5C3C61F44802300549415 /* Matrix.swift */,
				A6A5C3C71F44802300549415 /* MatrixReference.swift */,
				A6A5C3C81F44802300549415 /* Numerics.swift */,
				A6A5C3C91F44802300549415 /* TreeNode.swift */,
			);
			name = "Data Structures";
			sourceTree = "<group>";
		};
		A67D3C511E707BFF007B2E65 /* Algorithms */ = {
			isa = PBXGroup;
			children = (
				A6A5C3C41F447FF400549415 /* Algorithms.swift */,
				A6A5C3C01F447FB100549415 /* CrossValidation.swift */,
				A6A5C3C11F447FB100549415 /* RandomForest.swift */,
				A6A5C3BC1F447D2500549415 /* ClassifierAlgorithm.swift */,
				A6A5C3BE1F447DE900549415 /* Metrics.swift */,
			);
			name = Algorithms;
			sourceTree = "<group>";
		};
		A67D3C521E707F64007B2E65 /* Readers */ = {
			isa = PBXGroup;
			children = (
				A6A5C3CE1F44804200549415 /* CSVReader.swift */,
			);
			name = Readers;
			sourceTree = "<group>";
		};
		A67D3C551E7081D1007B2E65 /* Datasets */ = {
			isa = PBXGroup;
			children = (
				A6A5C3D41F4480D600549415 /* database.csv */,
			);
			name = Datasets;
			sourceTree = "<group>";
		};
		A6A5C3B31F446EA900549415 /* Views */ = {
			isa = PBXGroup;
			children = (
				A6A5C3B71F4472BE00549415 /* MainViewController.swift */,
				A6A5C3B51F4472A400549415 /* VisualizeViewController.swift */,
				A6A5C3DA1F44931F00549415 /* RandomColor.swift */,
			);
			name = Views;
			sourceTree = "<group>";
		};
		A6A5C3B41F446EB700549415 /* Supporting Files */ = {
			isa = PBXGroup;
			children = (
				A67D3C341E6DA988007B2E65 /* Info.plist */,
				A67D3C281E6DA988007B2E65 /* AppDelegate.swift */,
				A67D3C2C1E6DA988007B2E65 /* Main.storyboard */,
				A67D3C2F1E6DA988007B2E65 /* Assets.xcassets */,
				A67D3C311E6DA988007B2E65 /* LaunchScreen.storyboard */,
			);
			name = "Supporting Files";
			sourceTree = "<group>";
		};
/* End PBXGroup section */

/* Begin PBXNativeTarget section */
		A608CB761E7C48AF00FBE1FE /* SwiftRandomForestTests */ = {
			isa = PBXNativeTarget;
			buildConfigurationList = A608CB7E1E7C48AF00FBE1FE /* Build configuration list for PBXNativeTarget "SwiftRandomForestTests" */;
			buildPhases = (
				A608CB731E7C48AF00FBE1FE /* Sources */,
				A608CB741E7C48AF00FBE1FE /* Frameworks */,
				A608CB751E7C48AF00FBE1FE /* Resources */,
			);
			buildRules = (
			);
			dependencies = (
				A608CB7D1E7C48AF00FBE1FE /* PBXTargetDependency */,
			);
			name = SwiftRandomForestTests;
			productName = SwiftRandomForestTests;
			productReference = A608CB771E7C48AF00FBE1FE /* SwiftRandomForestTests.xctest */;
			productType = "com.apple.product-type.bundle.unit-test";
		};
		A67D3C241E6DA988007B2E65 /* SwiftRandomForest */ = {
			isa = PBXNativeTarget;
			buildConfigurationList = A67D3C371E6DA988007B2E65 /* Build configuration list for PBXNativeTarget "SwiftRandomForest" */;
			buildPhases = (
				A67D3C211E6DA988007B2E65 /* Sources */,
				A67D3C221E6DA988007B2E65 /* Frameworks */,
				A67D3C231E6DA988007B2E65 /* Resources */,
			);
			buildRules = (
			);
			dependencies = (
			);
			name = SwiftRandomForest;
			productName = SwiftRandomForest;
			productReference = A67D3C251E6DA988007B2E65 /* SwiftRandomForest.app */;
			productType = "com.apple.product-type.application";
		};
/* End PBXNativeTarget section */

/* Begin PBXProject section */
		A67D3C1D1E6DA988007B2E65 /* Project object */ = {
			isa = PBXProject;
			attributes = {
				LastSwiftUpdateCheck = 0820;
				LastUpgradeCheck = 0820;
				ORGANIZATIONNAME = "Lucas Farris";
				TargetAttributes = {
					A608CB761E7C48AF00FBE1FE = {
						CreatedOnToolsVersion = 8.2.1;
						DevelopmentTeam = 492DLYTSM5;
						ProvisioningStyle = Automatic;
						TestTargetID = A67D3C241E6DA988007B2E65;
					};
					A67D3C241E6DA988007B2E65 = {
						CreatedOnToolsVersion = 8.2.1;
						DevelopmentTeam = 492DLYTSM5;
						ProvisioningStyle = Automatic;
					};
				};
			};
			buildConfigurationList = A67D3C201E6DA988007B2E65 /* Build configuration list for PBXProject "SwiftRandomForest" */;
			compatibilityVersion = "Xcode 3.2";
			developmentRegion = English;
			hasScannedForEncodings = 0;
			knownRegions = (
				en,
				Base,
			);
			mainGroup = A67D3C1C1E6DA988007B2E65;
			productRefGroup = A67D3C261E6DA988007B2E65 /* Products */;
			projectDirPath = "";
			projectRoot = "";
			targets = (
				A67D3C241E6DA988007B2E65 /* SwiftRandomForest */,
				A608CB761E7C48AF00FBE1FE /* SwiftRandomForestTests */,
			);
		};
/* End PBXProject section */

/* Begin PBXResourcesBuildPhase section */
		A608CB751E7C48AF00FBE1FE /* Resources */ = {
			isa = PBXResourcesBuildPhase;
			buildActionMask = 2147483647;
			files = (
				A608CB941E7C4C1400FBE1FE /* mock.csv in Resources */,
			);
			runOnlyForDeploymentPostprocessing = 0;
		};
		A67D3C231E6DA988007B2E65 /* Resources */ = {
			isa = PBXResourcesBuildPhase;
			buildActionMask = 2147483647;
			files = (
				A67D3C331E6DA988007B2E65 /* LaunchScreen.storyboard in Resources */,
				A67D3C301E6DA988007B2E65 /* Assets.xcassets in Resources */,
				A608CB961E7C4EDE00FBE1FE /* mock.csv in Resources */,
				A6A5C3D51F4480D600549415 /* database.csv in Resources */,
				A67D3C2E1E6DA988007B2E65 /* Main.storyboard in Resources */,
			);
			runOnlyForDeploymentPostprocessing = 0;
		};
/* End PBXResourcesBuildPhase section */

/* Begin PBXSourcesBuildPhase section */
		A608CB731E7C48AF00FBE1FE /* Sources */ = {
			isa = PBXSourcesBuildPhase;
			buildActionMask = 2147483647;
			files = (
				A608CB821E7C48FE00FBE1FE /* ThreadSafeArrayTest.swift in Sources */,
				A608CB911E7C4AEB00FBE1FE /* CSVReaderTest.swift in Sources */,
				A608CB9E1E7C59B000FBE1FE /* RandomForestTest.swift in Sources */,
				A64A703A1EE1A9C200169A73 /* RandomForestPerformanceTest.swift in Sources */,
				A608CB9B1E7C528800FBE1FE /* MatrixReferenceTest.swift in Sources */,
				A608CB991E7C4F7800FBE1FE /* MatrixTest.swift in Sources */,
			);
			runOnlyForDeploymentPostprocessing = 0;
		};
		A67D3C211E6DA988007B2E65 /* Sources */ = {
			isa = PBXSourcesBuildPhase;
			buildActionMask = 2147483647;
			files = (
				A6A5C3CA1F44802300549415 /* Matrix.swift in Sources */,
				A6A5C3C31F447FB100549415 /* RandomForest.swift in Sources */,
				A6A5C3CD1F44802300549415 /* TreeNode.swift in Sources */,
				A6A5C3BD1F447D2500549415 /* ClassifierAlgorithm.swift in Sources */,
				A6A5C3B61F4472A400549415 /* VisualizeViewController.swift in Sources */,
				A6A5C3C21F447FB100549415 /* CrossValidation.swift in Sources */,
				A6A5C3D31F4480A900549415 /* ThreadSafeArray.swift in Sources */,
				A67D3C291E6DA988007B2E65 /* AppDelegate.swift in Sources */,
				A6A5C3CF1F44804200549415 /* CSVReader.swift in Sources */,
				A6A5C3CB1F44802300549415 /* MatrixReference.swift in Sources */,
				A6A5C3B81F4472BE00549415 /* MainViewController.swift in Sources */,
				A6A5C3C51F447FF400549415 /* Algorithms.swift in Sources */,
				A6A5C3BF1F447DE900549415 /* Metrics.swift in Sources */,
				A6A5C3CC1F44802300549415 /* Numerics.swift in Sources */,
				A6A5C3DB1F44931F00549415 /* RandomColor.swift in Sources */,
				A6A5C3D21F4480A900549415 /* OperationQueueManager.swift in Sources */,
			);
			runOnlyForDeploymentPostprocessing = 0;
		};
/* End PBXSourcesBuildPhase section */

/* Begin PBXTargetDependency section */
		A608CB7D1E7C48AF00FBE1FE /* PBXTargetDependency */ = {
			isa = PBXTargetDependency;
			target = A67D3C241E6DA988007B2E65 /* SwiftRandomForest */;
			targetProxy = A608CB7C1E7C48AF00FBE1FE /* PBXContainerItemProxy */;
		};
/* End PBXTargetDependency section */

/* Begin PBXVariantGroup section */
		A67D3C2C1E6DA988007B2E65 /* Main.storyboard */ = {
			isa = PBXVariantGroup;
			children = (
				A67D3C2D1E6DA988007B2E65 /* Base */,
			);
			name = Main.storyboard;
			sourceTree = "<group>";
		};
		A67D3C311E6DA988007B2E65 /* LaunchScreen.storyboard */ = {
			isa = PBXVariantGroup;
			children = (
				A67D3C321E6DA988007B2E65 /* Base */,
			);
			name = LaunchScreen.storyboard;
			sourceTree = "<group>";
		};
/* End PBXVariantGroup section */

/* Begin XCBuildConfiguration section */
		A608CB7F1E7C48AF00FBE1FE /* Debug */ = {
			isa = XCBuildConfiguration;
			buildSettings = {
				BUNDLE_LOADER = "$(TEST_HOST)";
				DEVELOPMENT_TEAM = 492DLYTSM5;
				INFOPLIST_FILE = SwiftRandomForest/Info.plist;
				LD_RUNPATH_SEARCH_PATHS = "$(inherited) @executable_path/Frameworks @loader_path/Frameworks";
				PRODUCT_BUNDLE_IDENTIFIER = farris.SwiftRandomForestTests;
				PRODUCT_NAME = "$(TARGET_NAME)";
				SWIFT_VERSION = 3.0;
				TEST_HOST = "$(BUILT_PRODUCTS_DIR)/SwiftRandomForest.app/SwiftRandomForest";
			};
			name = Debug;
		};
		A608CB801E7C48AF00FBE1FE /* Release */ = {
			isa = XCBuildConfiguration;
			buildSettings = {
				BUNDLE_LOADER = "$(TEST_HOST)";
				DEVELOPMENT_TEAM = 492DLYTSM5;
				INFOPLIST_FILE = SwiftRandomForest/Info.plist;
				LD_RUNPATH_SEARCH_PATHS = "$(inherited) @executable_path/Frameworks @loader_path/Frameworks";
				PRODUCT_BUNDLE_IDENTIFIER = farris.SwiftRandomForestTests;
				PRODUCT_NAME = "$(TARGET_NAME)";
				SWIFT_VERSION = 3.0;
				TEST_HOST = "$(BUILT_PRODUCTS_DIR)/SwiftRandomForest.app/SwiftRandomForest";
			};
			name = Release;
		};
		A67D3C351E6DA988007B2E65 /* Debug */ = {
			isa = XCBuildConfiguration;
			buildSettings = {
				ALWAYS_SEARCH_USER_PATHS = NO;
				CLANG_ANALYZER_NONNULL = YES;
				CLANG_CXX_LANGUAGE_STANDARD = "gnu++0x";
				CLANG_CXX_LIBRARY = "libc++";
				CLANG_ENABLE_MODULES = YES;
				CLANG_ENABLE_OBJC_ARC = YES;
				CLANG_WARN_BOOL_CONVERSION = YES;
				CLANG_WARN_CONSTANT_CONVERSION = YES;
				CLANG_WARN_DIRECT_OBJC_ISA_USAGE = YES_ERROR;
				CLANG_WARN_DOCUMENTATION_COMMENTS = YES;
				CLANG_WARN_EMPTY_BODY = YES;
				CLANG_WARN_ENUM_CONVERSION = YES;
				CLANG_WARN_INFINITE_RECURSION = YES;
				CLANG_WARN_INT_CONVERSION = YES;
				CLANG_WARN_OBJC_ROOT_CLASS = YES_ERROR;
				CLANG_WARN_SUSPICIOUS_MOVE = YES;
				CLANG_WARN_UNREACHABLE_CODE = YES;
				CLANG_WARN__DUPLICATE_METHOD_MATCH = YES;
				"CODE_SIGN_IDENTITY[sdk=iphoneos*]" = "iPhone Developer";
				COPY_PHASE_STRIP = NO;
				DEBUG_INFORMATION_FORMAT = dwarf;
				ENABLE_STRICT_OBJC_MSGSEND = YES;
				ENABLE_TESTABILITY = YES;
				GCC_C_LANGUAGE_STANDARD = gnu99;
				GCC_DYNAMIC_NO_PIC = NO;
				GCC_NO_COMMON_BLOCKS = YES;
				GCC_OPTIMIZATION_LEVEL = 0;
				GCC_PREPROCESSOR_DEFINITIONS = (
					"DEBUG=1",
					"$(inherited)",
				);
				GCC_WARN_64_TO_32_BIT_CONVERSION = YES;
				GCC_WARN_ABOUT_RETURN_TYPE = YES_ERROR;
				GCC_WARN_UNDECLARED_SELECTOR = YES;
				GCC_WARN_UNINITIALIZED_AUTOS = YES_AGGRESSIVE;
				GCC_WARN_UNUSED_FUNCTION = YES;
				GCC_WARN_UNUSED_VARIABLE = YES;
				IPHONEOS_DEPLOYMENT_TARGET = 10.2;
				MTL_ENABLE_DEBUG_INFO = YES;
				ONLY_ACTIVE_ARCH = YES;
				SDKROOT = iphoneos;
				SWIFT_ACTIVE_COMPILATION_CONDITIONS = DEBUG;
				SWIFT_OPTIMIZATION_LEVEL = "-Onone";
				TARGETED_DEVICE_FAMILY = "1,2";
			};
			name = Debug;
		};
		A67D3C361E6DA988007B2E65 /* Release */ = {
			isa = XCBuildConfiguration;
			buildSettings = {
				ALWAYS_SEARCH_USER_PATHS = NO;
				CLANG_ANALYZER_NONNULL = YES;
				CLANG_CXX_LANGUAGE_STANDARD = "gnu++0x";
				CLANG_CXX_LIBRARY = "libc++";
				CLANG_ENABLE_MODULES = YES;
				CLANG_ENABLE_OBJC_ARC = YES;
				CLANG_WARN_BOOL_CONVERSION = YES;
				CLANG_WARN_CONSTANT_CONVERSION = YES;
				CLANG_WARN_DIRECT_OBJC_ISA_USAGE = YES_ERROR;
				CLANG_WARN_DOCUMENTATION_COMMENTS = YES;
				CLANG_WARN_EMPTY_BODY = YES;
				CLANG_WARN_ENUM_CONVERSION = YES;
				CLANG_WARN_INFINITE_RECURSION = YES;
				CLANG_WARN_INT_CONVERSION = YES;
				CLANG_WARN_OBJC_ROOT_CLASS = YES_ERROR;
				CLANG_WARN_SUSPICIOUS_MOVE = YES;
				CLANG_WARN_UNREACHABLE_CODE = YES;
				CLANG_WARN__DUPLICATE_METHOD_MATCH = YES;
				"CODE_SIGN_IDENTITY[sdk=iphoneos*]" = "iPhone Developer";
				COPY_PHASE_STRIP = NO;
				DEBUG_INFORMATION_FORMAT = "dwarf-with-dsym";
				ENABLE_NS_ASSERTIONS = NO;
				ENABLE_STRICT_OBJC_MSGSEND = YES;
				GCC_C_LANGUAGE_STANDARD = gnu99;
				GCC_NO_COMMON_BLOCKS = YES;
				GCC_WARN_64_TO_32_BIT_CONVERSION = YES;
				GCC_WARN_ABOUT_RETURN_TYPE = YES_ERROR;
				GCC_WARN_UNDECLARED_SELECTOR = YES;
				GCC_WARN_UNINITIALIZED_AUTOS = YES_AGGRESSIVE;
				GCC_WARN_UNUSED_FUNCTION = YES;
				GCC_WARN_UNUSED_VARIABLE = YES;
				IPHONEOS_DEPLOYMENT_TARGET = 10.2;
				MTL_ENABLE_DEBUG_INFO = NO;
				SDKROOT = iphoneos;
				SWIFT_OPTIMIZATION_LEVEL = "-Owholemodule";
				TARGETED_DEVICE_FAMILY = "1,2";
				VALIDATE_PRODUCT = YES;
			};
			name = Release;
		};
		A67D3C381E6DA988007B2E65 /* Debug */ = {
			isa = XCBuildConfiguration;
			buildSettings = {
				ASSETCATALOG_COMPILER_APPICON_NAME = AppIcon;
				DEVELOPMENT_TEAM = 492DLYTSM5;
				INFOPLIST_FILE = SwiftRandomForest/Info.plist;
				LD_RUNPATH_SEARCH_PATHS = "$(inherited) @executable_path/Frameworks";
				PRODUCT_BUNDLE_IDENTIFIER = farris.SwiftRandomForest;
				PRODUCT_NAME = "$(TARGET_NAME)";
				SWIFT_VERSION = 3.0;
			};
			name = Debug;
		};
		A67D3C391E6DA988007B2E65 /* Release */ = {
			isa = XCBuildConfiguration;
			buildSettings = {
				ASSETCATALOG_COMPILER_APPICON_NAME = AppIcon;
				DEVELOPMENT_TEAM = 492DLYTSM5;
				INFOPLIST_FILE = SwiftRandomForest/Info.plist;
				LD_RUNPATH_SEARCH_PATHS = "$(inherited) @executable_path/Frameworks";
				PRODUCT_BUNDLE_IDENTIFIER = farris.SwiftRandomForest;
				PRODUCT_NAME = "$(TARGET_NAME)";
				SWIFT_VERSION = 3.0;
			};
			name = Release;
		};
/* End XCBuildConfiguration section */

/* Begin XCConfigurationList section */
		A608CB7E1E7C48AF00FBE1FE /* Build configuration list for PBXNativeTarget "SwiftRandomForestTests" */ = {
			isa = XCConfigurationList;
			buildConfigurations = (
				A608CB7F1E7C48AF00FBE1FE /* Debug */,
				A608CB801E7C48AF00FBE1FE /* Release */,
			);
			defaultConfigurationIsVisible = 0;
			defaultConfigurationName = Release;
		};
		A67D3C201E6DA988007B2E65 /* Build configuration list for PBXProject "SwiftRandomForest" */ = {
			isa = XCConfigurationList;
			buildConfigurations = (
				A67D3C351E6DA988007B2E65 /* Debug */,
				A67D3C361E6DA988007B2E65 /* Release */,
			);
			defaultConfigurationIsVisible = 0;
			defaultConfigurationName = Release;
		};
		A67D3C371E6DA988007B2E65 /* Build configuration list for PBXNativeTarget "SwiftRandomForest" */ = {
			isa = XCConfigurationList;
			buildConfigurations = (
				A67D3C381E6DA988007B2E65 /* Debug */,
				A67D3C391E6DA988007B2E65 /* Release */,
			);
			defaultConfigurationIsVisible = 0;
			defaultConfigurationName = Release;
		};
/* End XCConfigurationList section */
	};
	rootObject = A67D3C1D1E6DA988007B2E65 /* Project object */;
}
